PODS:
  - FMDB (2.1):
    - FMDB/standard
  - FMDB/common (2.1)
  - FMDB/standard (2.1):
    - FMDB/common
  - MMDrawerController (0.5.1):
    - MMDrawerController/Core
    - MMDrawerController/MMDrawerBarButtonItem
    - MMDrawerController/MMDrawerVisualStates
    - MMDrawerController/Subclass
  - MMDrawerController/Core (0.5.1)
  - MMDrawerController/MMDrawerBarButtonItem (0.5.1):
    - MMDrawerController/Core
  - MMDrawerController/MMDrawerVisualStates (0.5.1):
    - MMDrawerController/Core
  - MMDrawerController/Subclass (0.5.1):
    - MMDrawerController/Core
  - SDWebImage (3.5):
    - SDWebImage/Core
  - SDWebImage/Core (3.5)

DEPENDENCIES:
  - FMDB
  - MMDrawerController
  - SDWebImage

SPEC CHECKSUMS:
  FMDB: 8e5b7e0c644a13a70be0ec5dbffc6b30e524ab5d
  MMDrawerController: 3e22aec684dbee5307ff9d1e76523003a3303a2d
  SDWebImage: f1a72472f8a2d54445f1fedafe2090593d9caf7f

COCOAPODS: 0.22.3
